
Microsoft Visual Studio Solution File, Format Version 12.00
# Visual Studio Version 17
VisualStudioVersion = 17.13.35825.156 d17.13
MinimumVisualStudioVersion = 10.0.40219.1
Project("{8BC9CEB8-8B4A-11D0-8D11-00A0C91BC942}") = "Project1", "Project1\Project1.vcxproj", "{C6DB0F80-BB5D-4980-9B7A-CDBB6EF0CE86}"
EndProject
Global
	GlobalSection(SolutionConfigurationPlatforms) = preSolution
		Debug|x64 = Debug|x64
		Debug|x86 = Debug|x86
		Release|x64 = Release|x64
		Release|x86 = Release|x86
	EndGlobalSection
	GlobalSection(ProjectConfigurationPlatforms) = postSolution
		{C6DB0F80-BB5D-4980-9B7A-CDBB6EF0CE86}.Debug|x64.ActiveCfg = Debug|x64
		{C6DB0F80-BB5D-4980-9B7A-CDBB6EF0CE86}.Debug|x64.Build.0 = Debug|x64
		{C6DB0F80-BB5D-4980-9B7A-CDBB6EF0CE86}.Debug|x86.ActiveCfg = Debug|Win32
		{C6DB0F80-BB5D-4980-9B7A-CDBB6EF0CE86}.Debug|x86.Build.0 = Debug|Win32
		{C6DB0F80-BB5D-4980-9B7A-CDBB6EF0CE86}.Release|x64.ActiveCfg = Release|x64
		{C6DB0F80-BB5D-4980-9B7A-CDBB6EF0CE86}.Release|x64.Build.0 = Release|x64
		{C6DB0F80-BB5D-4980-9B7A-CDBB6EF0CE86}.Release|x86.ActiveCfg = Release|Win32
		{C6DB0F80-BB5D-4980-9B7A-CDBB6EF0CE86}.Release|x86.Build.0 = Release|Win32
	EndGlobalSection
	GlobalSection(SolutionProperties) = preSolution
		HideSolutionNode = FALSE
	EndGlobalSection
	GlobalSection(ExtensibilityGlobals) = postSolution
		SolutionGuid = {3D5D3E9C-7B0F-4489-B18A-428DA2834F0B}
	EndGlobalSection
EndGlobal
